
Microsoft Visual Studio Solution File, Format Version 12.00
# Visual Studio Version 16
VisualStudioVersion = 16.0.30907.101
MinimumVisualStudioVersion = 10.0.40219.1
Project("{FAE04EC0-301F-11D3-BF4B-00C04F79EFBC}") = "Lession1", "Lession1.csproj", "{FBBEA818-9169-463B-A900-BF5EBA159736}"
EndProject
Global
	GlobalSection(SolutionConfigurationPlatforms) = preSolution
		Debug|Any CPU = Debug|Any CPU
		Release|Any CPU = Release|Any CPU
	EndGlobalSection
	GlobalSection(ProjectConfigurationPlatforms) = postSolution
		{FBBEA818-9169-463B-A900-BF5EBA159736}.Debug|Any CPU.ActiveCfg = Debug|Any CPU
		{FBBEA818-9169-463B-A900-BF5EBA159736}.Debug|Any CPU.Build.0 = Debug|Any CPU
		{FBBEA818-9169-463B-A900-BF5EBA159736}.Release|Any CPU.ActiveCfg = Release|Any CPU
		{FBBEA818-9169-463B-A900-BF5EBA159736}.Release|Any CPU.Build.0 = Release|Any CPU
	EndGlobalSection
	GlobalSection(SolutionProperties) = preSolution
		HideSolutionNode = FALSE
	EndGlobalSection
	GlobalSection(ExtensibilityGlobals) = postSolution
		SolutionGuid = {49EC9388-15A6-4054-A4AD-EC57F39B0E48}
	EndGlobalSection
EndGlobal
